
Microsoft Visual Studio Solution File, Format Version 12.00
# Visual Studio Version 17
VisualStudioVersion = 17.9.34723.18
MinimumVisualStudioVersion = 10.0.40219.1
Project("{9A19103F-16F7-4668-BE54-9A1E7A4F7556}") = "Decorator", "Decorator\Decorator.csproj", "{872C268D-2656-4555-B3F7-2447FC0AB509}"
EndProject
Project("{FAE04EC0-301F-11D3-BF4B-00C04F79EFBC}") = "Observer", "Observer\Observer.csproj", "{B93C64F4-8359-4464-80D2-DEBBB8FE5347}"
EndProject
Project("{FAE04EC0-301F-11D3-BF4B-00C04F79EFBC}") = "Mediator", "Mediator\Mediator.csproj", "{5B155124-EB45-44D0-9297-CCAB0DD4018F}"
EndProject
Global
	GlobalSection(SolutionConfigurationPlatforms) = preSolution
		Debug|Any CPU = Debug|Any CPU
		Release|Any CPU = Release|Any CPU
	EndGlobalSection
	GlobalSection(ProjectConfigurationPlatforms) = postSolution
		{872C268D-2656-4555-B3F7-2447FC0AB509}.Debug|Any CPU.ActiveCfg = Debug|Any CPU
		{872C268D-2656-4555-B3F7-2447FC0AB509}.Debug|Any CPU.Build.0 = Debug|Any CPU
		{872C268D-2656-4555-B3F7-2447FC0AB509}.Release|Any CPU.ActiveCfg = Release|Any CPU
		{872C268D-2656-4555-B3F7-2447FC0AB509}.Release|Any CPU.Build.0 = Release|Any CPU
		{B93C64F4-8359-4464-80D2-DEBBB8FE5347}.Debug|Any CPU.ActiveCfg = Debug|Any CPU
		{B93C64F4-8359-4464-80D2-DEBBB8FE5347}.Debug|Any CPU.Build.0 = Debug|Any CPU
		{B93C64F4-8359-4464-80D2-DEBBB8FE5347}.Release|Any CPU.ActiveCfg = Release|Any CPU
		{B93C64F4-8359-4464-80D2-DEBBB8FE5347}.Release|Any CPU.Build.0 = Release|Any CPU
		{5B155124-EB45-44D0-9297-CCAB0DD4018F}.Debug|Any CPU.ActiveCfg = Debug|Any CPU
		{5B155124-EB45-44D0-9297-CCAB0DD4018F}.Debug|Any CPU.Build.0 = Debug|Any CPU
		{5B155124-EB45-44D0-9297-CCAB0DD4018F}.Release|Any CPU.ActiveCfg = Release|Any CPU
		{5B155124-EB45-44D0-9297-CCAB0DD4018F}.Release|Any CPU.Build.0 = Release|Any CPU
	EndGlobalSection
	GlobalSection(SolutionProperties) = preSolution
		HideSolutionNode = FALSE
	EndGlobalSection
	GlobalSection(ExtensibilityGlobals) = postSolution
		SolutionGuid = {97B25D04-705B-4A0F-A15A-0842F3CFFCF6}
	EndGlobalSection
EndGlobal
